// !$*UTF8*$!
{
	archiveVersion = 1;
	classes = {
	};
	objectVersion = 46;
	objects = {

/* Begin PBXBuildFile section */
		01E4DF761C08100F005F6866 /* AppDelegate.swift in Sources */ = {isa = PBXBuildFile; fileRef = 01E4DF751C08100F005F6866 /* AppDelegate.swift */; };
		01E4DF781C08100F005F6866 /* ViewController.swift in Sources */ = {isa = PBXBuildFile; fileRef = 01E4DF771C08100F005F6866 /* ViewController.swift */; };
		01E4DF7B1C08100F005F6866 /* Main.storyboard in Resources */ = {isa = PBXBuildFile; fileRef = 01E4DF791C08100F005F6866 /* Main.storyboard */; };
		01E4DF7D1C08100F005F6866 /* Assets.xcassets in Resources */ = {isa = PBXBuildFile; fileRef = 01E4DF7C1C08100F005F6866 /* Assets.xcassets */; };
		01E4DF801C08100F005F6866 /* LaunchScreen.storyboard in Resources */ = {isa = PBXBuildFile; fileRef = 01E4DF7E1C08100F005F6866 /* LaunchScreen.storyboard */; };
		01E4DF891C08102D005F6866 /* Bolts.framework in Frameworks */ = {isa = PBXBuildFile; fileRef = 01E4DF871C08102D005F6866 /* Bolts.framework */; };
		01E4DF8A1C08102D005F6866 /* Parse.framework in Frameworks */ = {isa = PBXBuildFile; fileRef = 01E4DF881C08102D005F6866 /* Parse.framework */; };
		01E4DF8C1C08108E005F6866 /* SystemConfiguration.framework in Frameworks */ = {isa = PBXBuildFile; fileRef = 01E4DF8B1C08108E005F6866 /* SystemConfiguration.framework */; };
		01E4DF8E1C08109B005F6866 /* libsqlite3.tbd in Frameworks */ = {isa = PBXBuildFile; fileRef = 01E4DF8D1C08109B005F6866 /* libsqlite3.tbd */; };
		01E4DF921C0810FD005F6866 /* AudioToolbox.framework in Frameworks */ = {isa = PBXBuildFile; fileRef = 01E4DF911C0810FD005F6866 /* AudioToolbox.framework */; };
/* End PBXBuildFile section */

/* Begin PBXFileReference section */
		01E4DF721C08100F005F6866 /* ParsePush.app */ = {isa = PBXFileReference; explicitFileType = wrapper.application; includeInIndex = 0; path = ParsePush.app; sourceTree = BUILT_PRODUCTS_DIR; };
		01E4DF751C08100F005F6866 /* AppDelegate.swift */ = {isa = PBXFileReference; lastKnownFileType = sourcecode.swift; path = AppDelegate.swift; sourceTree = "<group>"; };
		01E4DF771C08100F005F6866 /* ViewController.swift */ = {isa = PBXFileReference; lastKnownFileType = sourcecode.swift; path = ViewController.swift; sourceTree = "<group>"; };
		01E4DF7A1C08100F005F6866 /* Base */ = {isa = PBXFileReference; lastKnownFileType = file.storyboard; name = Base; path = Base.lproj/Main.storyboard; sourceTree = "<group>"; };
		01E4DF7C1C08100F005F6866 /* Assets.xcassets */ = {isa = PBXFileReference; lastKnownFileType = folder.assetcatalog; path = Assets.xcassets; sourceTree = "<group>"; };
		01E4DF7F1C08100F005F6866 /* Base */ = {isa = PBXFileReference; lastKnownFileType = file.storyboard; name = Base; path = Base.lproj/LaunchScreen.storyboard; sourceTree = "<group>"; };
		01E4DF811C08100F005F6866 /* Info.plist */ = {isa = PBXFileReference; lastKnownFileType = text.plist.xml; path = Info.plist; sourceTree = "<group>"; };
		01E4DF871C08102D005F6866 /* Bolts.framework */ = {isa = PBXFileReference; lastKnownFileType = wrapper.framework; path = Bolts.framework; sourceTree = "<group>"; };
		01E4DF881C08102D005F6866 /* Parse.framework */ = {isa = PBXFileReference; lastKnownFileType = wrapper.framework; path = Parse.framework; sourceTree = "<group>"; };
		01E4DF8B1C08108E005F6866 /* SystemConfiguration.framework */ = {isa = PBXFileReference; lastKnownFileType = wrapper.framework; name = SystemConfiguration.framework; path = System/Library/Frameworks/SystemConfiguration.framework; sourceTree = SDKROOT; };
		01E4DF8D1C08109B005F6866 /* libsqlite3.tbd */ = {isa = PBXFileReference; lastKnownFileType = "sourcecode.text-based-dylib-definition"; name = libsqlite3.tbd; path = usr/lib/libsqlite3.tbd; sourceTree = SDKROOT; };
		01E4DF8F1C0810A8005F6866 /* libstdc++.6.tbd */ = {isa = PBXFileReference; lastKnownFileType = "sourcecode.text-based-dylib-definition"; name = "libstdc++.6.tbd"; path = "usr/lib/libstdc++.6.tbd"; sourceTree = SDKROOT; };
		01E4DF911C0810FD005F6866 /* AudioToolbox.framework */ = {isa = PBXFileReference; lastKnownFileType = wrapper.framework; name = AudioToolbox.framework; path = System/Library/Frameworks/AudioToolbox.framework; sourceTree = SDKROOT; };
/* End PBXFileReference section */

/* Begin PBXFrameworksBuildPhase section */
		01E4DF6F1C08100F005F6866 /* Frameworks */ = {
			isa = PBXFrameworksBuildPhase;
			buildActionMask = 2147483647;
			files = (
				01E4DF921C0810FD005F6866 /* AudioToolbox.framework in Frameworks */,
				01E4DF8E1C08109B005F6866 /* libsqlite3.tbd in Frameworks */,
				01E4DF8C1C08108E005F6866 /* SystemConfiguration.framework in Frameworks */,
				01E4DF8A1C08102D005F6866 /* Parse.framework in Frameworks */,
				01E4DF891C08102D005F6866 /* Bolts.framework in Frameworks */,
			);
			runOnlyForDeploymentPostprocessing = 0;
		};
/* End PBXFrameworksBuildPhase section */

/* Begin PBXGroup section */
		01E4DF691C08100F005F6866 = {
			isa = PBXGroup;
			children = (
				01E4DF911C0810FD005F6866 /* AudioToolbox.framework */,
				01E4DF8F1C0810A8005F6866 /* libstdc++.6.tbd */,
				01E4DF8D1C08109B005F6866 /* libsqlite3.tbd */,
				01E4DF8B1C08108E005F6866 /* SystemConfiguration.framework */,
				01E4DF871C08102D005F6866 /* Bolts.framework */,
				01E4DF881C08102D005F6866 /* Parse.framework */,
				01E4DF741C08100F005F6866 /* ParsePush */,
				01E4DF731C08100F005F6866 /* Products */,
			);
			sourceTree = "<group>";
		};
		01E4DF731C08100F005F6866 /* Products */ = {
			isa = PBXGroup;
			children = (
				01E4DF721C08100F005F6866 /* ParsePush.app */,
			);
			name = Products;
			sourceTree = "<group>";
		};
		01E4DF741C08100F005F6866 /* ParsePush */ = {
			isa = PBXGroup;
			children = (
				01E4DF751C08100F005F6866 /* AppDelegate.swift */,
				01E4DF771C08100F005F6866 /* ViewController.swift */,
				01E4DF791C08100F005F6866 /* Main.storyboard */,
				01E4DF7C1C08100F005F6866 /* Assets.xcassets */,
				01E4DF7E1C08100F005F6866 /* LaunchScreen.storyboard */,
				01E4DF811C08100F005F6866 /* Info.plist */,
			);
			path = ParsePush;
			sourceTree = "<group>";
		};
/* End PBXGroup section */

/* Begin PBXNativeTarget section */
		01E4DF711C08100F005F6866 /* ParsePush */ = {
			isa = PBXNativeTarget;
			buildConfigurationList = 01E4DF841C08100F005F6866 /* Build configuration list for PBXNativeTarget "ParsePush" */;
			buildPhases = (
				01E4DF6E1C08100F005F6866 /* Sources */,
				01E4DF6F1C08100F005F6866 /* Frameworks */,
				01E4DF701C08100F005F6866 /* Resources */,
			);
			buildRules = (
			);
			dependencies = (
			);
			name = ParsePush;
			productName = ParsePush;
			productReference = 01E4DF721C08100F005F6866 /* ParsePush.app */;
			productType = "com.apple.product-type.application";
		};
/* End PBXNativeTarget section */

/* Begin PBXProject section */
		01E4DF6A1C08100F005F6866 /* Project object */ = {
			isa = PBXProject;
			attributes = {
				LastSwiftUpdateCheck = 0720;
				LastUpgradeCheck = 0720;
				ORGANIZATIONNAME = "Tanmay Bakshi";
				TargetAttributes = {
					01E4DF711C08100F005F6866 = {
						CreatedOnToolsVersion = 7.2;
						DevelopmentTeam = 998XWVFVMR;
						SystemCapabilities = {
							com.apple.Push = {
								enabled = 1;
							};
						};
					};
				};
			};
			buildConfigurationList = 01E4DF6D1C08100F005F6866 /* Build configuration list for PBXProject "ParsePush" */;
			compatibilityVersion = "Xcode 3.2";
			developmentRegion = English;
			hasScannedForEncodings = 0;
			knownRegions = (
				en,
				Base,
			);
			mainGroup = 01E4DF691C08100F005F6866;
			productRefGroup = 01E4DF731C08100F005F6866 /* Products */;
			projectDirPath = "";
			projectRoot = "";
			targets = (
				01E4DF711C08100F005F6866 /* ParsePush */,
			);
		};
/* End PBXProject section */

/* Begin PBXResourcesBuildPhase section */
		01E4DF701C08100F005F6866 /* Resources */ = {
			isa = PBXResourcesBuildPhase;
			buildActionMask = 2147483647;
			files = (
				01E4DF801C08100F005F6866 /* LaunchScreen.storyboard in Resources */,
				01E4DF7D1C08100F005F6866 /* Assets.xcassets in Resources */,
				01E4DF7B1C08100F005F6866 /* Main.storyboard in Resources */,
			);
			runOnlyForDeploymentPostprocessing = 0;
		};
/* End PBXResourcesBuildPhase section */

/* Begin PBXSourcesBuildPhase section */
		01E4DF6E1C08100F005F6866 /* Sources */ = {
			isa = PBXSourcesBuildPhase;
			buildActionMask = 2147483647;
			files = (
				01E4DF781C08100F005F6866 /* ViewController.swift in Sources */,
				01E4DF761C08100F005F6866 /* AppDelegate.swift in Sources */,
			);
			runOnlyForDeploymentPostprocessing = 0;
		};
/* End PBXSourcesBuildPhase section */

/* Begin PBXVariantGroup section */
		01E4DF791C08100F005F6866 /* Main.storyboard */ = {
			isa = PBXVariantGroup;
			children = (
				01E4DF7A1C08100F005F6866 /* Base */,
			);
			name = Main.storyboard;
			sourceTree = "<group>";
		};
		01E4DF7E1C08100F005F6866 /* LaunchScreen.storyboard */ = {
			isa = PBXVariantGroup;
			children = (
				01E4DF7F1C08100F005F6866 /* Base */,
			);
			name = LaunchScreen.storyboard;
			sourceTree = "<group>";
		};
/* End PBXVariantGroup section */

/* Begin XCBuildConfiguration section */
		01E4DF821C08100F005F6866 /* Debug */ = {
			isa = XCBuildConfiguration;
			buildSettings = {
				ALWAYS_SEARCH_USER_PATHS = NO;
				CLANG_CXX_LANGUAGE_STANDARD = "gnu++0x";
				CLANG_CXX_LIBRARY = "libc++";
				CLANG_ENABLE_MODULES = YES;
				CLANG_ENABLE_OBJC_ARC = YES;
				CLANG_WARN_BOOL_CONVERSION = YES;
				CLANG_WARN_CONSTANT_CONVERSION = YES;
				CLANG_WARN_DIRECT_OBJC_ISA_USAGE = YES_ERROR;
				CLANG_WARN_EMPTY_BODY = YES;
				CLANG_WARN_ENUM_CONVERSION = YES;
				CLANG_WARN_INT_CONVERSION = YES;
				CLANG_WARN_OBJC_ROOT_CLASS = YES_ERROR;
				CLANG_WARN_UNREACHABLE_CODE = YES;
				CLANG_WARN__DUPLICATE_METHOD_MATCH = YES;
				"CODE_SIGN_IDENTITY[sdk=iphoneos*]" = "iPhone Developer";
				COPY_PHASE_STRIP = NO;
				DEBUG_INFORMATION_FORMAT = dwarf;
				ENABLE_STRICT_OBJC_MSGSEND = YES;
				ENABLE_TESTABILITY = YES;
				GCC_C_LANGUAGE_STANDARD = gnu99;
				GCC_DYNAMIC_NO_PIC = NO;
				GCC_NO_COMMON_BLOCKS = YES;
				GCC_OPTIMIZATION_LEVEL = 0;
				GCC_PREPROCESSOR_DEFINITIONS = (
					"DEBUG=1",
					"$(inherited)",
				);
				GCC_WARN_64_TO_32_BIT_CONVERSION = YES;
				GCC_WARN_ABOUT_RETURN_TYPE = YES_ERROR;
				GCC_WARN_UNDECLARED_SELECTOR = YES;
				GCC_WARN_UNINITIALIZED_AUTOS = YES_AGGRESSIVE;
				GCC_WARN_UNUSED_FUNCTION = YES;
				GCC_WARN_UNUSED_VARIABLE = YES;
				IPHONEOS_DEPLOYMENT_TARGET = 9.2;
				MTL_ENABLE_DEBUG_INFO = YES;
				ONLY_ACTIVE_ARCH = YES;
				SDKROOT = iphoneos;
				SWIFT_OPTIMIZATION_LEVEL = "-Onone";
			};
			name = Debug;
		};
		01E4DF831C08100F005F6866 /* Release */ = {
			isa = XCBuildConfiguration;
			buildSettings = {
				ALWAYS_SEARCH_USER_PATHS = NO;
				CLANG_CXX_LANGUAGE_STANDARD = "gnu++0x";
				CLANG_CXX_LIBRARY = "libc++";
				CLANG_ENABLE_MODULES = YES;
				CLANG_ENABLE_OBJC_ARC = YES;
				CLANG_WARN_BOOL_CONVERSION = YES;
				CLANG_WARN_CONSTANT_CONVERSION = YES;
				CLANG_WARN_DIRECT_OBJC_ISA_USAGE = YES_ERROR;
				CLANG_WARN_EMPTY_BODY = YES;
				CLANG_WARN_ENUM_CONVERSION = YES;
				CLANG_WARN_INT_CONVERSION = YES;
				CLANG_WARN_OBJC_ROOT_CLASS = YES_ERROR;
				CLANG_WARN_UNREACHABLE_CODE = YES;
				CLANG_WARN__DUPLICATE_METHOD_MATCH = YES;
				"CODE_SIGN_IDENTITY[sdk=iphoneos*]" = "iPhone Developer";
				COPY_PHASE_STRIP = NO;
				DEBUG_INFORMATION_FORMAT = "dwarf-with-dsym";
				ENABLE_NS_ASSERTIONS = NO;
				ENABLE_STRICT_OBJC_MSGSEND = YES;
				GCC_C_LANGUAGE_STANDARD = gnu99;
				GCC_NO_COMMON_BLOCKS = YES;
				GCC_WARN_64_TO_32_BIT_CONVERSION = YES;
				GCC_WARN_ABOUT_RETURN_TYPE = YES_ERROR;
				GCC_WARN_UNDECLARED_SELECTOR = YES;
				GCC_WARN_UNINITIALIZED_AUTOS = YES_AGGRESSIVE;
				GCC_WARN_UNUSED_FUNCTION = YES;
				GCC_WARN_UNUSED_VARIABLE = YES;
				IPHONEOS_DEPLOYMENT_TARGET = 9.2;
				MTL_ENABLE_DEBUG_INFO = NO;
				SDKROOT = iphoneos;
				VALIDATE_PRODUCT = YES;
			};
			name = Release;
		};
		01E4DF851C08100F005F6866 /* Debug */ = {
			isa = XCBuildConfiguration;
			buildSettings = {
				ASSETCATALOG_COMPILER_APPICON_NAME = AppIcon;
				CODE_SIGN_IDENTITY = "iPhone Developer";
				"CODE_SIGN_IDENTITY[sdk=iphoneos*]" = "iPhone Developer";
				FRAMEWORK_SEARCH_PATHS = (
					"$(inherited)",
					"$(PROJECT_DIR)",
				);
				INFOPLIST_FILE = ParsePush/Info.plist;
				IPHONEOS_DEPLOYMENT_TARGET = 9.0;
				LD_RUNPATH_SEARCH_PATHS = "$(inherited) @executable_path/Frameworks";
				PRODUCT_BUNDLE_IDENTIFIER = com.TBSS.ParseTester;
				PRODUCT_NAME = "$(TARGET_NAME)";
				PROVISIONING_PROFILE = "";
			};
			name = Debug;
		};
		01E4DF861C08100F005F6866 /* Release */ = {
			isa = XCBuildConfiguration;
			buildSettings = {
				ASSETCATALOG_COMPILER_APPICON_NAME = AppIcon;
				CODE_SIGN_IDENTITY = "iPhone Developer";
				"CODE_SIGN_IDENTITY[sdk=iphoneos*]" = "iPhone Developer";
				FRAMEWORK_SEARCH_PATHS = (
					"$(inherited)",
					"$(PROJECT_DIR)",
				);
				INFOPLIST_FILE = ParsePush/Info.plist;
				IPHONEOS_DEPLOYMENT_TARGET = 9.0;
				LD_RUNPATH_SEARCH_PATHS = "$(inherited) @executable_path/Frameworks";
				PRODUCT_BUNDLE_IDENTIFIER = com.TBSS.ParseTester;
				PRODUCT_NAME = "$(TARGET_NAME)";
				PROVISIONING_PROFILE = "";
			};
			name = Release;
		};
/* End XCBuildConfiguration section */

/* Begin XCConfigurationList section */
		01E4DF6D1C08100F005F6866 /* Build configuration list for PBXProject "ParsePush" */ = {
			isa = XCConfigurationList;
			buildConfigurations = (
				01E4DF821C08100F005F6866 /* Debug */,
				01E4DF831C08100F005F6866 /* Release */,
			);
			defaultConfigurationIsVisible = 0;
			defaultConfigurationName = Release;
		};
		01E4DF841C08100F005F6866 /* Build configuration list for PBXNativeTarget "ParsePush" */ = {
			isa = XCConfigurationList;
			buildConfigurations = (
				01E4DF851C08100F005F6866 /* Debug */,
				01E4DF861C08100F005F6866 /* Release */,
			);
			defaultConfigurationIsVisible = 0;
			defaultConfigurationName = Release;
		};
/* End XCConfigurationList section */
	};
	rootObject = 01E4DF6A1C08100F005F6866 /* Project object */;
}
